// !$*UTF8*$!
{
	archiveVersion = 1;
	classes = {
	};
	objectVersion = 56;
	objects = {

/* Begin PBXBuildFile section */
		FA32E7342BEBE57700AC4D20 /* ReportsTableViewController.swift in Sources */ = {isa = PBXBuildFile; fileRef = FA32E7332BEBE57700AC4D20 /* ReportsTableViewController.swift */; };
		FA3DD46A2BE03BB400ECA277 /* AddItemViewController.swift in Sources */ = {isa = PBXBuildFile; fileRef = FA3DD4692BE03BB400ECA277 /* AddItemViewController.swift */; };
		FA436B742BEA8E5C008CF7CD /* Report.swift in Sources */ = {isa = PBXBuildFile; fileRef = FA436B732BEA8E5C008CF7CD /* Report.swift */; };
		FA4CC3332BE30DE300CC2503 /* IQKeyboardManagerSwift in Frameworks */ = {isa = PBXBuildFile; productRef = FA4CC3322BE30DE300CC2503 /* IQKeyboardManagerSwift */; };
		FA5B149D2BF2BA5B00756439 /* GoogleService-Info.plist in Resources */ = {isa = PBXBuildFile; fileRef = FA5B149C2BF2BA5A00756439 /* GoogleService-Info.plist */; };
		FAB516752BE05E480053FDD9 /* FirebaseAuth in Frameworks */ = {isa = PBXBuildFile; productRef = FAB516742BE05E480053FDD9 /* FirebaseAuth */; };
		FAB516772BE05E480053FDD9 /* FirebaseFirestore in Frameworks */ = {isa = PBXBuildFile; productRef = FAB516762BE05E480053FDD9 /* FirebaseFirestore */; };
		FAB516792BE063640053FDD9 /* LoginViewController.swift in Sources */ = {isa = PBXBuildFile; fileRef = FAB516782BE063640053FDD9 /* LoginViewController.swift */; };
		FAB5167B2BE063700053FDD9 /* RegisterViewController.swift in Sources */ = {isa = PBXBuildFile; fileRef = FAB5167A2BE063700053FDD9 /* RegisterViewController.swift */; };
		FABBF95F2BF5F576000756C6 /* Constants.swift in Sources */ = {isa = PBXBuildFile; fileRef = FABBF95E2BF5F576000756C6 /* Constants.swift */; };
		FADBA9BC2BDC0F15001A963D /* AppDelegate.swift in Sources */ = {isa = PBXBuildFile; fileRef = FADBA9BB2BDC0F15001A963D /* AppDelegate.swift */; };
		FADBA9BE2BDC0F15001A963D /* SceneDelegate.swift in Sources */ = {isa = PBXBuildFile; fileRef = FADBA9BD2BDC0F15001A963D /* SceneDelegate.swift */; };
		FADBA9C32BDC0F15001A963D /* Main.storyboard in Resources */ = {isa = PBXBuildFile; fileRef = FADBA9C12BDC0F15001A963D /* Main.storyboard */; };
		FADBA9C52BDC0F17001A963D /* Assets.xcassets in Resources */ = {isa = PBXBuildFile; fileRef = FADBA9C42BDC0F17001A963D /* Assets.xcassets */; };
		FADBA9C82BDC0F17001A963D /* LaunchScreen.storyboard in Resources */ = {isa = PBXBuildFile; fileRef = FADBA9C62BDC0F17001A963D /* LaunchScreen.storyboard */; };
		FADBA9D02BDC1090001A963D /* HomeTableViewController.swift in Sources */ = {isa = PBXBuildFile; fileRef = FADBA9CF2BDC1090001A963D /* HomeTableViewController.swift */; };
		FADBA9D42BDC10CE001A963D /* Category.swift in Sources */ = {isa = PBXBuildFile; fileRef = FADBA9D32BDC10CE001A963D /* Category.swift */; };
		FADBA9D62BDC10E0001A963D /* Item.swift in Sources */ = {isa = PBXBuildFile; fileRef = FADBA9D52BDC10E0001A963D /* Item.swift */; };
		FAEB85012BDEFE95001244F2 /* ItemsViewController.swift in Sources */ = {isa = PBXBuildFile; fileRef = FAEB85002BDEFE95001244F2 /* ItemsViewController.swift */; };
		FAFA36142BFB407C003127BD /* DataModel.swift in Sources */ = {isa = PBXBuildFile; fileRef = FAFA36132BFB407C003127BD /* DataModel.swift */; };
/* End PBXBuildFile section */

/* Begin PBXFileReference section */
		FA32E7332BEBE57700AC4D20 /* ReportsTableViewController.swift */ = {isa = PBXFileReference; lastKnownFileType = sourcecode.swift; path = ReportsTableViewController.swift; sourceTree = "<group>"; };
		FA3DD4692BE03BB400ECA277 /* AddItemViewController.swift */ = {isa = PBXFileReference; lastKnownFileType = sourcecode.swift; path = AddItemViewController.swift; sourceTree = "<group>"; };
		FA436B732BEA8E5C008CF7CD /* Report.swift */ = {isa = PBXFileReference; lastKnownFileType = sourcecode.swift; path = Report.swift; sourceTree = "<group>"; };
		FA5B149C2BF2BA5A00756439 /* GoogleService-Info.plist */ = {isa = PBXFileReference; fileEncoding = 4; lastKnownFileType = text.plist.xml; path = "GoogleService-Info.plist"; sourceTree = "<group>"; };
		FAB516782BE063640053FDD9 /* LoginViewController.swift */ = {isa = PBXFileReference; lastKnownFileType = sourcecode.swift; path = LoginViewController.swift; sourceTree = "<group>"; };
		FAB5167A2BE063700053FDD9 /* RegisterViewController.swift */ = {isa = PBXFileReference; lastKnownFileType = sourcecode.swift; path = RegisterViewController.swift; sourceTree = "<group>"; };
		FABBF95E2BF5F576000756C6 /* Constants.swift */ = {isa = PBXFileReference; lastKnownFileType = sourcecode.swift; path = Constants.swift; sourceTree = "<group>"; };
		FADBA9B82BDC0F15001A963D /* EquipManage.app */ = {isa = PBXFileReference; explicitFileType = wrapper.application; includeInIndex = 0; path = EquipManage.app; sourceTree = BUILT_PRODUCTS_DIR; };
		FADBA9BB2BDC0F15001A963D /* AppDelegate.swift */ = {isa = PBXFileReference; lastKnownFileType = sourcecode.swift; path = AppDelegate.swift; sourceTree = "<group>"; };
		FADBA9BD2BDC0F15001A963D /* SceneDelegate.swift */ = {isa = PBXFileReference; lastKnownFileType = sourcecode.swift; path = SceneDelegate.swift; sourceTree = "<group>"; };
		FADBA9C22BDC0F15001A963D /* Base */ = {isa = PBXFileReference; lastKnownFileType = file.storyboard; name = Base; path = Base.lproj/Main.storyboard; sourceTree = "<group>"; };
		FADBA9C42BDC0F17001A963D /* Assets.xcassets */ = {isa = PBXFileReference; lastKnownFileType = folder.assetcatalog; path = Assets.xcassets; sourceTree = "<group>"; };
		FADBA9C72BDC0F17001A963D /* Base */ = {isa = PBXFileReference; lastKnownFileType = file.storyboard; name = Base; path = Base.lproj/LaunchScreen.storyboard; sourceTree = "<group>"; };
		FADBA9C92BDC0F17001A963D /* Info.plist */ = {isa = PBXFileReference; lastKnownFileType = text.plist.xml; path = Info.plist; sourceTree = "<group>"; };
		FADBA9CF2BDC1090001A963D /* HomeTableViewController.swift */ = {isa = PBXFileReference; lastKnownFileType = sourcecode.swift; path = HomeTableViewController.swift; sourceTree = "<group>"; };
		FADBA9D32BDC10CE001A963D /* Category.swift */ = {isa = PBXFileReference; lastKnownFileType = sourcecode.swift; path = Category.swift; sourceTree = "<group>"; };
		FADBA9D52BDC10E0001A963D /* Item.swift */ = {isa = PBXFileReference; lastKnownFileType = sourcecode.swift; path = Item.swift; sourceTree = "<group>"; };
		FAEB85002BDEFE95001244F2 /* ItemsViewController.swift */ = {isa = PBXFileReference; lastKnownFileType = sourcecode.swift; path = ItemsViewController.swift; sourceTree = "<group>"; };
		FAFA36132BFB407C003127BD /* DataModel.swift */ = {isa = PBXFileReference; lastKnownFileType = sourcecode.swift; path = DataModel.swift; sourceTree = "<group>"; };
/* End PBXFileReference section */

/* Begin PBXFrameworksBuildPhase section */
		FADBA9B52BDC0F15001A963D /* Frameworks */ = {
			isa = PBXFrameworksBuildPhase;
			buildActionMask = 2147483647;
			files = (
				FAB516752BE05E480053FDD9 /* FirebaseAuth in Frameworks */,
				FAB516772BE05E480053FDD9 /* FirebaseFirestore in Frameworks */,
				FA4CC3332BE30DE300CC2503 /* IQKeyboardManagerSwift in Frameworks */,
			);
			runOnlyForDeploymentPostprocessing = 0;
		};
/* End PBXFrameworksBuildPhase section */

/* Begin PBXGroup section */
		FABBF9602BF5F58A000756C6 /* View */ = {
			isa = PBXGroup;
			children = (
				FADBA9C12BDC0F15001A963D /* Main.storyboard */,
			);
			path = View;
			sourceTree = "<group>";
		};
		FADBA9AF2BDC0F15001A963D = {
			isa = PBXGroup;
			children = (
				FADBA9BA2BDC0F15001A963D /* EquipManage */,
				FADBA9B92BDC0F15001A963D /* Products */,
			);
			sourceTree = "<group>";
		};
		FADBA9B92BDC0F15001A963D /* Products */ = {
			isa = PBXGroup;
			children = (
				FADBA9B82BDC0F15001A963D /* EquipManage.app */,
			);
			name = Products;
			sourceTree = "<group>";
		};
		FADBA9BA2BDC0F15001A963D /* EquipManage */ = {
			isa = PBXGroup;
			children = (
				FADBA9BB2BDC0F15001A963D /* AppDelegate.swift */,
				FADBA9BD2BDC0F15001A963D /* SceneDelegate.swift */,
				FABBF95E2BF5F576000756C6 /* Constants.swift */,
				FADBA9D22BDC10B3001A963D /* Model */,
				FABBF9602BF5F58A000756C6 /* View */,
				FADBA9D12BDC10A6001A963D /* Controller */,
				FADBA9C42BDC0F17001A963D /* Assets.xcassets */,
				FADBA9C62BDC0F17001A963D /* LaunchScreen.storyboard */,
				FADBA9C92BDC0F17001A963D /* Info.plist */,
				FA5B149C2BF2BA5A00756439 /* GoogleService-Info.plist */,
			);
			path = EquipManage;
			sourceTree = "<group>";
		};
		FADBA9D12BDC10A6001A963D /* Controller */ = {
			isa = PBXGroup;
			children = (
				FADBA9CF2BDC1090001A963D /* HomeTableViewController.swift */,
				FAEB85002BDEFE95001244F2 /* ItemsViewController.swift */,
				FA3DD4692BE03BB400ECA277 /* AddItemViewController.swift */,
				FAB516782BE063640053FDD9 /* LoginViewController.swift */,
				FAB5167A2BE063700053FDD9 /* RegisterViewController.swift */,
				FA32E7332BEBE57700AC4D20 /* ReportsTableViewController.swift */,
			);
			path = Controller;
			sourceTree = "<group>";
		};
		FADBA9D22BDC10B3001A963D /* Model */ = {
			isa = PBXGroup;
			children = (
				FADBA9D32BDC10CE001A963D /* Category.swift */,
				FAFA36132BFB407C003127BD /* DataModel.swift */,
				FADBA9D52BDC10E0001A963D /* Item.swift */,
				FA436B732BEA8E5C008CF7CD /* Report.swift */,
			);
			path = Model;
			sourceTree = "<group>";
		};
/* End PBXGroup section */

/* Begin PBXNativeTarget section */
		FADBA9B72BDC0F15001A963D /* EquipManage */ = {
			isa = PBXNativeTarget;
			buildConfigurationList = FADBA9CC2BDC0F17001A963D /* Build configuration list for PBXNativeTarget "EquipManage" */;
			buildPhases = (
				FADBA9B42BDC0F15001A963D /* Sources */,
				FADBA9B52BDC0F15001A963D /* Frameworks */,
				FADBA9B62BDC0F15001A963D /* Resources */,
			);
			buildRules = (
			);
			dependencies = (
			);
			name = EquipManage;
			packageProductDependencies = (
				FAB516742BE05E480053FDD9 /* FirebaseAuth */,
				FAB516762BE05E480053FDD9 /* FirebaseFirestore */,
				FA4CC3322BE30DE300CC2503 /* IQKeyboardManagerSwift */,
			);
			productName = EquipManage;
			productReference = FADBA9B82BDC0F15001A963D /* EquipManage.app */;
			productType = "com.apple.product-type.application";
		};
/* End PBXNativeTarget section */

/* Begin PBXProject section */
		FADBA9B02BDC0F15001A963D /* Project object */ = {
			isa = PBXProject;
			attributes = {
				BuildIndependentTargetsInParallel = 1;
				LastSwiftUpdateCheck = 1430;
				LastUpgradeCheck = 1430;
				TargetAttributes = {
					FADBA9B72BDC0F15001A963D = {
						CreatedOnToolsVersion = 14.3.1;
					};
				};
			};
			buildConfigurationList = FADBA9B32BDC0F15001A963D /* Build configuration list for PBXProject "EquipManage" */;
			compatibilityVersion = "Xcode 14.0";
			developmentRegion = en;
			hasScannedForEncodings = 0;
			knownRegions = (
				en,
				Base,
			);
			mainGroup = FADBA9AF2BDC0F15001A963D;
			packageReferences = (
				FAB516732BE05E480053FDD9 /* XCRemoteSwiftPackageReference "firebase-ios-sdk" */,
				FA4CC3312BE30DE300CC2503 /* XCRemoteSwiftPackageReference "IQKeyboardManager" */,
			);
			productRefGroup = FADBA9B92BDC0F15001A963D /* Products */;
			projectDirPath = "";
			projectRoot = "";
			targets = (
				FADBA9B72BDC0F15001A963D /* EquipManage */,
			);
		};
/* End PBXProject section */

/* Begin PBXResourcesBuildPhase section */
		FADBA9B62BDC0F15001A963D /* Resources */ = {
			isa = PBXResourcesBuildPhase;
			buildActionMask = 2147483647;
			files = (
				FADBA9C82BDC0F17001A963D /* LaunchScreen.storyboard in Resources */,
				FA5B149D2BF2BA5B00756439 /* GoogleService-Info.plist in Resources */,
				FADBA9C52BDC0F17001A963D /* Assets.xcassets in Resources */,
				FADBA9C32BDC0F15001A963D /* Main.storyboard in Resources */,
			);
			runOnlyForDeploymentPostprocessing = 0;
		};
/* End PBXResourcesBuildPhase section */

/* Begin PBXSourcesBuildPhase section */
		FADBA9B42BDC0F15001A963D /* Sources */ = {
			isa = PBXSourcesBuildPhase;
			buildActionMask = 2147483647;
			files = (
				FAB5167B2BE063700053FDD9 /* RegisterViewController.swift in Sources */,
				FA436B742BEA8E5C008CF7CD /* Report.swift in Sources */,
				FADBA9D02BDC1090001A963D /* HomeTableViewController.swift in Sources */,
				FADBA9D42BDC10CE001A963D /* Category.swift in Sources */,
				FADBA9BC2BDC0F15001A963D /* AppDelegate.swift in Sources */,
				FAEB85012BDEFE95001244F2 /* ItemsViewController.swift in Sources */,
				FAFA36142BFB407C003127BD /* DataModel.swift in Sources */,
				FAB516792BE063640053FDD9 /* LoginViewController.swift in Sources */,
				FA3DD46A2BE03BB400ECA277 /* AddItemViewController.swift in Sources */,
				FADBA9D62BDC10E0001A963D /* Item.swift in Sources */,
				FADBA9BE2BDC0F15001A963D /* SceneDelegate.swift in Sources */,
				FA32E7342BEBE57700AC4D20 /* ReportsTableViewController.swift in Sources */,
				FABBF95F2BF5F576000756C6 /* Constants.swift in Sources */,
			);
			runOnlyForDeploymentPostprocessing = 0;
		};
/* End PBXSourcesBuildPhase section */

/* Begin PBXVariantGroup section */
		FADBA9C12BDC0F15001A963D /* Main.storyboard */ = {
			isa = PBXVariantGroup;
			children = (
				FADBA9C22BDC0F15001A963D /* Base */,
			);
			name = Main.storyboard;
			sourceTree = "<group>";
		};
		FADBA9C62BDC0F17001A963D /* LaunchScreen.storyboard */ = {
			isa = PBXVariantGroup;
			children = (
				FADBA9C72BDC0F17001A963D /* Base */,
			);
			name = LaunchScreen.storyboard;
			sourceTree = "<group>";
		};
/* End PBXVariantGroup section */

/* Begin XCBuildConfiguration section */
		FADBA9CA2BDC0F17001A963D /* Debug */ = {
			isa = XCBuildConfiguration;
			buildSettings = {
				ALWAYS_SEARCH_USER_PATHS = NO;
				CLANG_ANALYZER_NONNULL = YES;
				CLANG_ANALYZER_NUMBER_OBJECT_CONVERSION = YES_AGGRESSIVE;
				CLANG_CXX_LANGUAGE_STANDARD = "gnu++20";
				CLANG_ENABLE_MODULES = YES;
				CLANG_ENABLE_OBJC_ARC = YES;
				CLANG_ENABLE_OBJC_WEAK = YES;
				CLANG_WARN_BLOCK_CAPTURE_AUTORELEASING = YES;
				CLANG_WARN_BOOL_CONVERSION = YES;
				CLANG_WARN_COMMA = YES;
				CLANG_WARN_CONSTANT_CONVERSION = YES;
				CLANG_WARN_DEPRECATED_OBJC_IMPLEMENTATIONS = YES;
				CLANG_WARN_DIRECT_OBJC_ISA_USAGE = YES_ERROR;
				CLANG_WARN_DOCUMENTATION_COMMENTS = YES;
				CLANG_WARN_EMPTY_BODY = YES;
				CLANG_WARN_ENUM_CONVERSION = YES;
				CLANG_WARN_INFINITE_RECURSION = YES;
				CLANG_WARN_INT_CONVERSION = YES;
				CLANG_WARN_NON_LITERAL_NULL_CONVERSION = YES;
				CLANG_WARN_OBJC_IMPLICIT_RETAIN_SELF = YES;
				CLANG_WARN_OBJC_LITERAL_CONVERSION = YES;
				CLANG_WARN_OBJC_ROOT_CLASS = YES_ERROR;
				CLANG_WARN_QUOTED_INCLUDE_IN_FRAMEWORK_HEADER = YES;
				CLANG_WARN_RANGE_LOOP_ANALYSIS = YES;
				CLANG_WARN_STRICT_PROTOTYPES = YES;
				CLANG_WARN_SUSPICIOUS_MOVE = YES;
				CLANG_WARN_UNGUARDED_AVAILABILITY = YES_AGGRESSIVE;
				CLANG_WARN_UNREACHABLE_CODE = YES;
				CLANG_WARN__DUPLICATE_METHOD_MATCH = YES;
				COPY_PHASE_STRIP = NO;
				DEBUG_INFORMATION_FORMAT = dwarf;
				ENABLE_STRICT_OBJC_MSGSEND = YES;
				ENABLE_TESTABILITY = YES;
				GCC_C_LANGUAGE_STANDARD = gnu11;
				GCC_DYNAMIC_NO_PIC = NO;
				GCC_NO_COMMON_BLOCKS = YES;
				GCC_OPTIMIZATION_LEVEL = 0;
				GCC_PREPROCESSOR_DEFINITIONS = (
					"DEBUG=1",
					"$(inherited)",
				);
				GCC_WARN_64_TO_32_BIT_CONVERSION = YES;
				GCC_WARN_ABOUT_RETURN_TYPE = YES_ERROR;
				GCC_WARN_UNDECLARED_SELECTOR = YES;
				GCC_WARN_UNINITIALIZED_AUTOS = YES_AGGRESSIVE;
				GCC_WARN_UNUSED_FUNCTION = YES;
				GCC_WARN_UNUSED_VARIABLE = YES;
				IPHONEOS_DEPLOYMENT_TARGET = 16.4;
				MTL_ENABLE_DEBUG_INFO = INCLUDE_SOURCE;
				MTL_FAST_MATH = YES;
				ONLY_ACTIVE_ARCH = YES;
				SDKROOT = iphoneos;
				SWIFT_ACTIVE_COMPILATION_CONDITIONS = DEBUG;
				SWIFT_OPTIMIZATION_LEVEL = "-Onone";
			};
			name = Debug;
		};
		FADBA9CB2BDC0F17001A963D /* Release */ = {
			isa = XCBuildConfiguration;
			buildSettings = {
				ALWAYS_SEARCH_USER_PATHS = NO;
				CLANG_ANALYZER_NONNULL = YES;
				CLANG_ANALYZER_NUMBER_OBJECT_CONVERSION = YES_AGGRESSIVE;
				CLANG_CXX_LANGUAGE_STANDARD = "gnu++20";
				CLANG_ENABLE_MODULES = YES;
				CLANG_ENABLE_OBJC_ARC = YES;
				CLANG_ENABLE_OBJC_WEAK = YES;
				CLANG_WARN_BLOCK_CAPTURE_AUTORELEASING = YES;
				CLANG_WARN_BOOL_CONVERSION = YES;
				CLANG_WARN_COMMA = YES;
				CLANG_WARN_CONSTANT_CONVERSION = YES;
				CLANG_WARN_DEPRECATED_OBJC_IMPLEMENTATIONS = YES;
				CLANG_WARN_DIRECT_OBJC_ISA_USAGE = YES_ERROR;
				CLANG_WARN_DOCUMENTATION_COMMENTS = YES;
				CLANG_WARN_EMPTY_BODY = YES;
				CLANG_WARN_ENUM_CONVERSION = YES;
				CLANG_WARN_INFINITE_RECURSION = YES;
				CLANG_WARN_INT_CONVERSION = YES;
				CLANG_WARN_NON_LITERAL_NULL_CONVERSION = YES;
				CLANG_WARN_OBJC_IMPLICIT_RETAIN_SELF = YES;
				CLANG_WARN_OBJC_LITERAL_CONVERSION = YES;
				CLANG_WARN_OBJC_ROOT_CLASS = YES_ERROR;
				CLANG_WARN_QUOTED_INCLUDE_IN_FRAMEWORK_HEADER = YES;
				CLANG_WARN_RANGE_LOOP_ANALYSIS = YES;
				CLANG_WARN_STRICT_PROTOTYPES = YES;
				CLANG_WARN_SUSPICIOUS_MOVE = YES;
				CLANG_WARN_UNGUARDED_AVAILABILITY = YES_AGGRESSIVE;
				CLANG_WARN_UNREACHABLE_CODE = YES;
				CLANG_WARN__DUPLICATE_METHOD_MATCH = YES;
				COPY_PHASE_STRIP = NO;
				DEBUG_INFORMATION_FORMAT = "dwarf-with-dsym";
				ENABLE_NS_ASSERTIONS = NO;
				ENABLE_STRICT_OBJC_MSGSEND = YES;
				GCC_C_LANGUAGE_STANDARD = gnu11;
				GCC_NO_COMMON_BLOCKS = YES;
				GCC_WARN_64_TO_32_BIT_CONVERSION = YES;
				GCC_WARN_ABOUT_RETURN_TYPE = YES_ERROR;
				GCC_WARN_UNDECLARED_SELECTOR = YES;
				GCC_WARN_UNINITIALIZED_AUTOS = YES_AGGRESSIVE;
				GCC_WARN_UNUSED_FUNCTION = YES;
				GCC_WARN_UNUSED_VARIABLE = YES;
				IPHONEOS_DEPLOYMENT_TARGET = 16.4;
				MTL_ENABLE_DEBUG_INFO = NO;
				MTL_FAST_MATH = YES;
				SDKROOT = iphoneos;
				SWIFT_COMPILATION_MODE = wholemodule;
				SWIFT_OPTIMIZATION_LEVEL = "-O";
				VALIDATE_PRODUCT = YES;
			};
			name = Release;
		};
		FADBA9CD2BDC0F17001A963D /* Debug */ = {
			isa = XCBuildConfiguration;
			buildSettings = {
				ASSETCATALOG_COMPILER_APPICON_NAME = AppIcon;
				ASSETCATALOG_COMPILER_GLOBAL_ACCENT_COLOR_NAME = AccentColor;
				CODE_SIGN_STYLE = Automatic;
				CURRENT_PROJECT_VERSION = 1;
				DEVELOPMENT_TEAM = J3FY3MH5Q6;
				GENERATE_INFOPLIST_FILE = YES;
				INFOPLIST_FILE = EquipManage/Info.plist;
				INFOPLIST_KEY_UIApplicationSupportsIndirectInputEvents = YES;
				INFOPLIST_KEY_UILaunchStoryboardName = LaunchScreen;
				INFOPLIST_KEY_UIMainStoryboardFile = Main;
				INFOPLIST_KEY_UISupportedInterfaceOrientations_iPad = "UIInterfaceOrientationPortrait UIInterfaceOrientationPortraitUpsideDown UIInterfaceOrientationLandscapeLeft UIInterfaceOrientationLandscapeRight";
				INFOPLIST_KEY_UISupportedInterfaceOrientations_iPhone = "UIInterfaceOrientationPortrait UIInterfaceOrientationLandscapeLeft UIInterfaceOrientationLandscapeRight";
				IPHONEOS_DEPLOYMENT_TARGET = 15.0;
				LD_RUNPATH_SEARCH_PATHS = (
					"$(inherited)",
					"@executable_path/Frameworks",
				);
				MARKETING_VERSION = 1.0;
				PRODUCT_BUNDLE_IDENTIFIER = com.dev.csuzarte.EquipManage;
				PRODUCT_NAME = "$(TARGET_NAME)";
				SWIFT_EMIT_LOC_STRINGS = YES;
				SWIFT_VERSION = 5.0;
				TARGETED_DEVICE_FAMILY = "1,2";
			};
			name = Debug;
		};
		FADBA9CE2BDC0F17001A963D /* Release */ = {
			isa = XCBuildConfiguration;
			buildSettings = {
				ASSETCATALOG_COMPILER_APPICON_NAME = AppIcon;
				ASSETCATALOG_COMPILER_GLOBAL_ACCENT_COLOR_NAME = AccentColor;
				CODE_SIGN_STYLE = Automatic;
				CURRENT_PROJECT_VERSION = 1;
				DEVELOPMENT_TEAM = J3FY3MH5Q6;
				GENERATE_INFOPLIST_FILE = YES;
				INFOPLIST_FILE = EquipManage/Info.plist;
				INFOPLIST_KEY_UIApplicationSupportsIndirectInputEvents = YES;
				INFOPLIST_KEY_UILaunchStoryboardName = LaunchScreen;
				INFOPLIST_KEY_UIMainStoryboardFile = Main;
				INFOPLIST_KEY_UISupportedInterfaceOrientations_iPad = "UIInterfaceOrientationPortrait UIInterfaceOrientationPortraitUpsideDown UIInterfaceOrientationLandscapeLeft UIInterfaceOrientationLandscapeRight";
				INFOPLIST_KEY_UISupportedInterfaceOrientations_iPhone = "UIInterfaceOrientationPortrait UIInterfaceOrientationLandscapeLeft UIInterfaceOrientationLandscapeRight";
				IPHONEOS_DEPLOYMENT_TARGET = 15.0;
				LD_RUNPATH_SEARCH_PATHS = (
					"$(inherited)",
					"@executable_path/Frameworks",
				);
				MARKETING_VERSION = 1.0;
				PRODUCT_BUNDLE_IDENTIFIER = com.dev.csuzarte.EquipManage;
				PRODUCT_NAME = "$(TARGET_NAME)";
				SWIFT_EMIT_LOC_STRINGS = YES;
				SWIFT_VERSION = 5.0;
				TARGETED_DEVICE_FAMILY = "1,2";
			};
			name = Release;
		};
/* End XCBuildConfiguration section */

/* Begin XCConfigurationList section */
		FADBA9B32BDC0F15001A963D /* Build configuration list for PBXProject "EquipManage" */ = {
			isa = XCConfigurationList;
			buildConfigurations = (
				FADBA9CA2BDC0F17001A963D /* Debug */,
				FADBA9CB2BDC0F17001A963D /* Release */,
			);
			defaultConfigurationIsVisible = 0;
			defaultConfigurationName = Release;
		};
		FADBA9CC2BDC0F17001A963D /* Build configuration list for PBXNativeTarget "EquipManage" */ = {
			isa = XCConfigurationList;
			buildConfigurations = (
				FADBA9CD2BDC0F17001A963D /* Debug */,
				FADBA9CE2BDC0F17001A963D /* Release */,
			);
			defaultConfigurationIsVisible = 0;
			defaultConfigurationName = Release;
		};
/* End XCConfigurationList section */

/* Begin XCRemoteSwiftPackageReference section */
		FA4CC3312BE30DE300CC2503 /* XCRemoteSwiftPackageReference "IQKeyboardManager" */ = {
			isa = XCRemoteSwiftPackageReference;
			repositoryURL = "https://github.com/hackiftekhar/IQKeyboardManager";
			requirement = {
				kind = upToNextMajorVersion;
				minimumVersion = 7.0.2;
			};
		};
		FAB516732BE05E480053FDD9 /* XCRemoteSwiftPackageReference "firebase-ios-sdk" */ = {
			isa = XCRemoteSwiftPackageReference;
			repositoryURL = "https://github.com/firebase/firebase-ios-sdk";
			requirement = {
				kind = upToNextMajorVersion;
				minimumVersion = 10.0.0;
			};
		};
/* End XCRemoteSwiftPackageReference section */

/* Begin XCSwiftPackageProductDependency section */
		FA4CC3322BE30DE300CC2503 /* IQKeyboardManagerSwift */ = {
			isa = XCSwiftPackageProductDependency;
			package = FA4CC3312BE30DE300CC2503 /* XCRemoteSwiftPackageReference "IQKeyboardManager" */;
			productName = IQKeyboardManagerSwift;
		};
		FAB516742BE05E480053FDD9 /* FirebaseAuth */ = {
			isa = XCSwiftPackageProductDependency;
			package = FAB516732BE05E480053FDD9 /* XCRemoteSwiftPackageReference "firebase-ios-sdk" */;
			productName = FirebaseAuth;
		};
		FAB516762BE05E480053FDD9 /* FirebaseFirestore */ = {
			isa = XCSwiftPackageProductDependency;
			package = FAB516732BE05E480053FDD9 /* XCRemoteSwiftPackageReference "firebase-ios-sdk" */;
			productName = FirebaseFirestore;
		};
/* End XCSwiftPackageProductDependency section */
	};
	rootObject = FADBA9B02BDC0F15001A963D /* Project object */;
}
